// !$*UTF8*$!
{
	archiveVersion = 1;
	classes = {
	};
	objectVersion = 46;
	objects = {

/* Begin PBXBuildFile section */
		1BA5F0E64E4CB5C62514650A /* Pods_SampleRealmOnWatchOS3.framework in Frameworks */ = {isa = PBXBuildFile; fileRef = 6B34CAC17DCA059A87B2123A /* Pods_SampleRealmOnWatchOS3.framework */; };
		D64D9C261DB8F5BF00E17C6B /* AppDelegate.swift in Sources */ = {isa = PBXBuildFile; fileRef = D64D9C251DB8F5BF00E17C6B /* AppDelegate.swift */; };
		D64D9C281DB8F5BF00E17C6B /* ViewController.swift in Sources */ = {isa = PBXBuildFile; fileRef = D64D9C271DB8F5BF00E17C6B /* ViewController.swift */; };
		D64D9C2B1DB8F5BF00E17C6B /* Main.storyboard in Resources */ = {isa = PBXBuildFile; fileRef = D64D9C291DB8F5BF00E17C6B /* Main.storyboard */; };
		D64D9C2D1DB8F5BF00E17C6B /* Assets.xcassets in Resources */ = {isa = PBXBuildFile; fileRef = D64D9C2C1DB8F5BF00E17C6B /* Assets.xcassets */; };
		D64D9C301DB8F5BF00E17C6B /* LaunchScreen.storyboard in Resources */ = {isa = PBXBuildFile; fileRef = D64D9C2E1DB8F5BF00E17C6B /* LaunchScreen.storyboard */; };
		D64D9C381DB8FC4400E17C6B /* Field.swift in Sources */ = {isa = PBXBuildFile; fileRef = D64D9C371DB8FC4400E17C6B /* Field.swift */; };
		D6FA44B01DBA2C6C000DCF21 /* Interface.storyboard in Resources */ = {isa = PBXBuildFile; fileRef = D6FA44AE1DBA2C6C000DCF21 /* Interface.storyboard */; };
		D6FA44B21DBA2C6C000DCF21 /* Assets.xcassets in Resources */ = {isa = PBXBuildFile; fileRef = D6FA44B11DBA2C6C000DCF21 /* Assets.xcassets */; };
		D6FA44B91DBA2C6D000DCF21 /* SampleWatchApp Extension.appex in Embed App Extensions */ = {isa = PBXBuildFile; fileRef = D6FA44B81DBA2C6D000DCF21 /* SampleWatchApp Extension.appex */; settings = {ATTRIBUTES = (RemoveHeadersOnCopy, ); }; };
		D6FA44BE1DBA2C6D000DCF21 /* InterfaceController.swift in Sources */ = {isa = PBXBuildFile; fileRef = D6FA44BD1DBA2C6D000DCF21 /* InterfaceController.swift */; };
		D6FA44C01DBA2C6D000DCF21 /* ExtensionDelegate.swift in Sources */ = {isa = PBXBuildFile; fileRef = D6FA44BF1DBA2C6D000DCF21 /* ExtensionDelegate.swift */; };
		D6FA44C21DBA2C6D000DCF21 /* Assets.xcassets in Resources */ = {isa = PBXBuildFile; fileRef = D6FA44C11DBA2C6D000DCF21 /* Assets.xcassets */; };
		D6FA44C61DBA2C6D000DCF21 /* SampleWatchApp.app in Embed Watch Content */ = {isa = PBXBuildFile; fileRef = D6FA44AC1DBA2C6C000DCF21 /* SampleWatchApp.app */; };
/* End PBXBuildFile section */

/* Begin PBXContainerItemProxy section */
		D6FA44BA1DBA2C6D000DCF21 /* PBXContainerItemProxy */ = {
			isa = PBXContainerItemProxy;
			containerPortal = D64D9C1A1DB8F5BF00E17C6B /* Project object */;
			proxyType = 1;
			remoteGlobalIDString = D6FA44B71DBA2C6D000DCF21;
			remoteInfo = "SampleWatchApp Extension";
		};
		D6FA44C41DBA2C6D000DCF21 /* PBXContainerItemProxy */ = {
			isa = PBXContainerItemProxy;
			containerPortal = D64D9C1A1DB8F5BF00E17C6B /* Project object */;
			proxyType = 1;
			remoteGlobalIDString = D6FA44AB1DBA2C6C000DCF21;
			remoteInfo = SampleWatchApp;
		};
/* End PBXContainerItemProxy section */

/* Begin PBXCopyFilesBuildPhase section */
		D6FA44A91DBA2C26000DCF21 /* Embed Watch Content */ = {
			isa = PBXCopyFilesBuildPhase;
			buildActionMask = 2147483647;
			dstPath = "$(CONTENTS_FOLDER_PATH)/Watch";
			dstSubfolderSpec = 16;
			files = (
				D6FA44C61DBA2C6D000DCF21 /* SampleWatchApp.app in Embed Watch Content */,
			);
			name = "Embed Watch Content";
			runOnlyForDeploymentPostprocessing = 0;
		};
		D6FA44CA1DBA2C6D000DCF21 /* Embed App Extensions */ = {
			isa = PBXCopyFilesBuildPhase;
			buildActionMask = 2147483647;
			dstPath = "";
			dstSubfolderSpec = 13;
			files = (
				D6FA44B91DBA2C6D000DCF21 /* SampleWatchApp Extension.appex in Embed App Extensions */,
			);
			name = "Embed App Extensions";
			runOnlyForDeploymentPostprocessing = 0;
		};
/* End PBXCopyFilesBuildPhase section */

/* Begin PBXFileReference section */
		4DFAF97E09387B92C055753A /* Pods-SampleRealmOnWatchOS3.debug.xcconfig */ = {isa = PBXFileReference; includeInIndex = 1; lastKnownFileType = text.xcconfig; name = "Pods-SampleRealmOnWatchOS3.debug.xcconfig"; path = "Pods/Target Support Files/Pods-SampleRealmOnWatchOS3/Pods-SampleRealmOnWatchOS3.debug.xcconfig"; sourceTree = "<group>"; };
		6B34CAC17DCA059A87B2123A /* Pods_SampleRealmOnWatchOS3.framework */ = {isa = PBXFileReference; explicitFileType = wrapper.framework; includeInIndex = 0; path = Pods_SampleRealmOnWatchOS3.framework; sourceTree = BUILT_PRODUCTS_DIR; };
		D64D9C221DB8F5BF00E17C6B /* SampleRealmOnWatchOS3.app */ = {isa = PBXFileReference; explicitFileType = wrapper.application; includeInIndex = 0; path = SampleRealmOnWatchOS3.app; sourceTree = BUILT_PRODUCTS_DIR; };
		D64D9C251DB8F5BF00E17C6B /* AppDelegate.swift */ = {isa = PBXFileReference; lastKnownFileType = sourcecode.swift; path = AppDelegate.swift; sourceTree = "<group>"; };
		D64D9C271DB8F5BF00E17C6B /* ViewController.swift */ = {isa = PBXFileReference; lastKnownFileType = sourcecode.swift; path = ViewController.swift; sourceTree = "<group>"; };
		D64D9C2A1DB8F5BF00E17C6B /* Base */ = {isa = PBXFileReference; lastKnownFileType = file.storyboard; name = Base; path = Base.lproj/Main.storyboard; sourceTree = "<group>"; };
		D64D9C2C1DB8F5BF00E17C6B /* Assets.xcassets */ = {isa = PBXFileReference; lastKnownFileType = folder.assetcatalog; path = Assets.xcassets; sourceTree = "<group>"; };
		D64D9C2F1DB8F5BF00E17C6B /* Base */ = {isa = PBXFileReference; lastKnownFileType = file.storyboard; name = Base; path = Base.lproj/LaunchScreen.storyboard; sourceTree = "<group>"; };
		D64D9C311DB8F5C000E17C6B /* Info.plist */ = {isa = PBXFileReference; lastKnownFileType = text.plist.xml; path = Info.plist; sourceTree = "<group>"; };
		D64D9C371DB8FC4400E17C6B /* Field.swift */ = {isa = PBXFileReference; fileEncoding = 4; lastKnownFileType = sourcecode.swift; path = Field.swift; sourceTree = "<group>"; };
		D6FA44861DBA2C26000DCF21 /* Base */ = {isa = PBXFileReference; lastKnownFileType = file.storyboard; name = Base; path = Base.lproj/Interface.storyboard; sourceTree = "<group>"; };
		D6FA44881DBA2C26000DCF21 /* Assets.xcassets */ = {isa = PBXFileReference; lastKnownFileType = folder.assetcatalog; path = Assets.xcassets; sourceTree = "<group>"; };
		D6FA448A1DBA2C26000DCF21 /* Info.plist */ = {isa = PBXFileReference; lastKnownFileType = text.plist.xml; path = Info.plist; sourceTree = "<group>"; };
		D6FA44951DBA2C26000DCF21 /* PushNotificationPayload.apns */ = {isa = PBXFileReference; lastKnownFileType = text; path = PushNotificationPayload.apns; sourceTree = "<group>"; };
		D6FA44961DBA2C26000DCF21 /* InterfaceController.swift */ = {isa = PBXFileReference; lastKnownFileType = sourcecode.swift; path = InterfaceController.swift; sourceTree = "<group>"; };
		D6FA44981DBA2C26000DCF21 /* ExtensionDelegate.swift */ = {isa = PBXFileReference; lastKnownFileType = sourcecode.swift; path = ExtensionDelegate.swift; sourceTree = "<group>"; };
		D6FA449A1DBA2C26000DCF21 /* NotificationController.swift */ = {isa = PBXFileReference; lastKnownFileType = sourcecode.swift; path = NotificationController.swift; sourceTree = "<group>"; };
		D6FA449C1DBA2C26000DCF21 /* Assets.xcassets */ = {isa = PBXFileReference; lastKnownFileType = folder.assetcatalog; path = Assets.xcassets; sourceTree = "<group>"; };
		D6FA449E1DBA2C26000DCF21 /* Info.plist */ = {isa = PBXFileReference; lastKnownFileType = text.plist.xml; path = Info.plist; sourceTree = "<group>"; };
		D6FA44AC1DBA2C6C000DCF21 /* SampleWatchApp.app */ = {isa = PBXFileReference; explicitFileType = wrapper.application; includeInIndex = 0; path = SampleWatchApp.app; sourceTree = BUILT_PRODUCTS_DIR; };
		D6FA44AF1DBA2C6C000DCF21 /* Base */ = {isa = PBXFileReference; lastKnownFileType = file.storyboard; name = Base; path = Base.lproj/Interface.storyboard; sourceTree = "<group>"; };
		D6FA44B11DBA2C6C000DCF21 /* Assets.xcassets */ = {isa = PBXFileReference; lastKnownFileType = folder.assetcatalog; path = Assets.xcassets; sourceTree = "<group>"; };
		D6FA44B31DBA2C6C000DCF21 /* Info.plist */ = {isa = PBXFileReference; lastKnownFileType = text.plist.xml; path = Info.plist; sourceTree = "<group>"; };
		D6FA44B81DBA2C6D000DCF21 /* SampleWatchApp Extension.appex */ = {isa = PBXFileReference; explicitFileType = "wrapper.app-extension"; includeInIndex = 0; path = "SampleWatchApp Extension.appex"; sourceTree = BUILT_PRODUCTS_DIR; };
		D6FA44BD1DBA2C6D000DCF21 /* InterfaceController.swift */ = {isa = PBXFileReference; lastKnownFileType = sourcecode.swift; path = InterfaceController.swift; sourceTree = "<group>"; };
		D6FA44BF1DBA2C6D000DCF21 /* ExtensionDelegate.swift */ = {isa = PBXFileReference; lastKnownFileType = sourcecode.swift; path = ExtensionDelegate.swift; sourceTree = "<group>"; };
		D6FA44C11DBA2C6D000DCF21 /* Assets.xcassets */ = {isa = PBXFileReference; lastKnownFileType = folder.assetcatalog; path = Assets.xcassets; sourceTree = "<group>"; };
		D6FA44C31DBA2C6D000DCF21 /* Info.plist */ = {isa = PBXFileReference; lastKnownFileType = text.plist.xml; path = Info.plist; sourceTree = "<group>"; };
		DECA00C7019128CBA3B76F75 /* Pods-SampleRealmOnWatchOS3.release.xcconfig */ = {isa = PBXFileReference; includeInIndex = 1; lastKnownFileType = text.xcconfig; name = "Pods-SampleRealmOnWatchOS3.release.xcconfig"; path = "Pods/Target Support Files/Pods-SampleRealmOnWatchOS3/Pods-SampleRealmOnWatchOS3.release.xcconfig"; sourceTree = "<group>"; };
/* End PBXFileReference section */

/* Begin PBXFrameworksBuildPhase section */
		D64D9C1F1DB8F5BF00E17C6B /* Frameworks */ = {
			isa = PBXFrameworksBuildPhase;
			buildActionMask = 2147483647;
			files = (
				1BA5F0E64E4CB5C62514650A /* Pods_SampleRealmOnWatchOS3.framework in Frameworks */,
			);
			runOnlyForDeploymentPostprocessing = 0;
		};
		D6FA44B51DBA2C6D000DCF21 /* Frameworks */ = {
			isa = PBXFrameworksBuildPhase;
			buildActionMask = 2147483647;
			files = (
			);
			runOnlyForDeploymentPostprocessing = 0;
		};
/* End PBXFrameworksBuildPhase section */

/* Begin PBXGroup section */
		7666C1AD1F7868779F7F1A2C /* Frameworks */ = {
			isa = PBXGroup;
			children = (
				6B34CAC17DCA059A87B2123A /* Pods_SampleRealmOnWatchOS3.framework */,
			);
			name = Frameworks;
			sourceTree = "<group>";
		};
		AFB213B4E5B6E4E4012D78B4 /* Pods */ = {
			isa = PBXGroup;
			children = (
				4DFAF97E09387B92C055753A /* Pods-SampleRealmOnWatchOS3.debug.xcconfig */,
				DECA00C7019128CBA3B76F75 /* Pods-SampleRealmOnWatchOS3.release.xcconfig */,
			);
			name = Pods;
			sourceTree = "<group>";
		};
		D64D9C191DB8F5BF00E17C6B = {
			isa = PBXGroup;
			children = (
				D64D9C241DB8F5BF00E17C6B /* SampleRealmOnWatchOS3 */,
				D6FA44841DBA2C26000DCF21 /* SampleWatchApp */,
				D6FA44931DBA2C26000DCF21 /* SampleWatchApp Extension */,
				D6FA44AD1DBA2C6C000DCF21 /* SampleWatchApp */,
				D6FA44BC1DBA2C6D000DCF21 /* SampleWatchApp Extension */,
				D64D9C231DB8F5BF00E17C6B /* Products */,
				AFB213B4E5B6E4E4012D78B4 /* Pods */,
				7666C1AD1F7868779F7F1A2C /* Frameworks */,
			);
			sourceTree = "<group>";
		};
		D64D9C231DB8F5BF00E17C6B /* Products */ = {
			isa = PBXGroup;
			children = (
				D64D9C221DB8F5BF00E17C6B /* SampleRealmOnWatchOS3.app */,
				D6FA44AC1DBA2C6C000DCF21 /* SampleWatchApp.app */,
				D6FA44B81DBA2C6D000DCF21 /* SampleWatchApp Extension.appex */,
			);
			name = Products;
			sourceTree = "<group>";
		};
		D64D9C241DB8F5BF00E17C6B /* SampleRealmOnWatchOS3 */ = {
			isa = PBXGroup;
			children = (
				D64D9C251DB8F5BF00E17C6B /* AppDelegate.swift */,
				D64D9C271DB8F5BF00E17C6B /* ViewController.swift */,
				D64D9C371DB8FC4400E17C6B /* Field.swift */,
				D64D9C291DB8F5BF00E17C6B /* Main.storyboard */,
				D64D9C2C1DB8F5BF00E17C6B /* Assets.xcassets */,
				D64D9C2E1DB8F5BF00E17C6B /* LaunchScreen.storyboard */,
				D64D9C311DB8F5C000E17C6B /* Info.plist */,
			);
			path = SampleRealmOnWatchOS3;
			sourceTree = "<group>";
		};
		D6FA44841DBA2C26000DCF21 /* SampleWatchApp */ = {
			isa = PBXGroup;
			children = (
				D6FA44851DBA2C26000DCF21 /* Interface.storyboard */,
				D6FA44881DBA2C26000DCF21 /* Assets.xcassets */,
				D6FA448A1DBA2C26000DCF21 /* Info.plist */,
			);
			path = SampleWatchApp;
			sourceTree = "<group>";
		};
		D6FA44931DBA2C26000DCF21 /* SampleWatchApp Extension */ = {
			isa = PBXGroup;
			children = (
				D6FA44961DBA2C26000DCF21 /* InterfaceController.swift */,
				D6FA44981DBA2C26000DCF21 /* ExtensionDelegate.swift */,
				D6FA449A1DBA2C26000DCF21 /* NotificationController.swift */,
				D6FA449C1DBA2C26000DCF21 /* Assets.xcassets */,
				D6FA449E1DBA2C26000DCF21 /* Info.plist */,
				D6FA44941DBA2C26000DCF21 /* Supporting Files */,
			);
			path = "SampleWatchApp Extension";
			sourceTree = "<group>";
		};
		D6FA44941DBA2C26000DCF21 /* Supporting Files */ = {
			isa = PBXGroup;
			children = (
				D6FA44951DBA2C26000DCF21 /* PushNotificationPayload.apns */,
			);
			name = "Supporting Files";
			sourceTree = "<group>";
		};
		D6FA44AD1DBA2C6C000DCF21 /* SampleWatchApp */ = {
			isa = PBXGroup;
			children = (
				D6FA44AE1DBA2C6C000DCF21 /* Interface.storyboard */,
				D6FA44B11DBA2C6C000DCF21 /* Assets.xcassets */,
				D6FA44B31DBA2C6C000DCF21 /* Info.plist */,
			);
			path = SampleWatchApp;
			sourceTree = "<group>";
		};
		D6FA44BC1DBA2C6D000DCF21 /* SampleWatchApp Extension */ = {
			isa = PBXGroup;
			children = (
				D6FA44BD1DBA2C6D000DCF21 /* InterfaceController.swift */,
				D6FA44BF1DBA2C6D000DCF21 /* ExtensionDelegate.swift */,
				D6FA44C11DBA2C6D000DCF21 /* Assets.xcassets */,
				D6FA44C31DBA2C6D000DCF21 /* Info.plist */,
			);
			path = "SampleWatchApp Extension";
			sourceTree = "<group>";
		};
/* End PBXGroup section */

/* Begin PBXNativeTarget section */
		D64D9C211DB8F5BF00E17C6B /* SampleRealmOnWatchOS3 */ = {
			isa = PBXNativeTarget;
			buildConfigurationList = D64D9C341DB8F5C000E17C6B /* Build configuration list for PBXNativeTarget "SampleRealmOnWatchOS3" */;
			buildPhases = (
				1027311F5346BC12E65A1F57 /* [CP] Check Pods Manifest.lock */,
				D64D9C1E1DB8F5BF00E17C6B /* Sources */,
				D64D9C1F1DB8F5BF00E17C6B /* Frameworks */,
				D64D9C201DB8F5BF00E17C6B /* Resources */,
				9B5D3E1B9490AFDDD2DC62F0 /* [CP] Embed Pods Frameworks */,
				410BDC31D7D8E220971F9E55 /* [CP] Copy Pods Resources */,
				D6FA44A91DBA2C26000DCF21 /* Embed Watch Content */,
			);
			buildRules = (
			);
			dependencies = (
				D6FA44C51DBA2C6D000DCF21 /* PBXTargetDependency */,
			);
			name = SampleRealmOnWatchOS3;
			productName = SampleRealmOnWatchOS3;
			productReference = D64D9C221DB8F5BF00E17C6B /* SampleRealmOnWatchOS3.app */;
			productType = "com.apple.product-type.application";
		};
		D6FA44AB1DBA2C6C000DCF21 /* SampleWatchApp */ = {
			isa = PBXNativeTarget;
			buildConfigurationList = D6FA44CB1DBA2C6D000DCF21 /* Build configuration list for PBXNativeTarget "SampleWatchApp" */;
			buildPhases = (
				D6FA44AA1DBA2C6C000DCF21 /* Resources */,
				D6FA44CA1DBA2C6D000DCF21 /* Embed App Extensions */,
			);
			buildRules = (
			);
			dependencies = (
				D6FA44BB1DBA2C6D000DCF21 /* PBXTargetDependency */,
			);
			name = SampleWatchApp;
			productName = SampleWatchApp;
			productReference = D6FA44AC1DBA2C6C000DCF21 /* SampleWatchApp.app */;
			productType = "com.apple.product-type.application.watchapp2";
		};
		D6FA44B71DBA2C6D000DCF21 /* SampleWatchApp Extension */ = {
			isa = PBXNativeTarget;
			buildConfigurationList = D6FA44C71DBA2C6D000DCF21 /* Build configuration list for PBXNativeTarget "SampleWatchApp Extension" */;
			buildPhases = (
				D6FA44B41DBA2C6D000DCF21 /* Sources */,
				D6FA44B51DBA2C6D000DCF21 /* Frameworks */,
				D6FA44B61DBA2C6D000DCF21 /* Resources */,
			);
			buildRules = (
			);
			dependencies = (
			);
			name = "SampleWatchApp Extension";
			productName = "SampleWatchApp Extension";
			productReference = D6FA44B81DBA2C6D000DCF21 /* SampleWatchApp Extension.appex */;
			productType = "com.apple.product-type.watchkit2-extension";
		};
/* End PBXNativeTarget section */

/* Begin PBXProject section */
		D64D9C1A1DB8F5BF00E17C6B /* Project object */ = {
			isa = PBXProject;
			attributes = {
				LastSwiftUpdateCheck = 0800;
				LastUpgradeCheck = 0800;
				ORGANIZATIONNAME = "Yuta Hoshino";
				TargetAttributes = {
					D64D9C211DB8F5BF00E17C6B = {
						CreatedOnToolsVersion = 8.0;
						DevelopmentTeam = 94CEFW22UD;
						ProvisioningStyle = Automatic;
					};
					D6FA44AB1DBA2C6C000DCF21 = {
						CreatedOnToolsVersion = 8.0;
						DevelopmentTeam = 94CEFW22UD;
						ProvisioningStyle = Automatic;
					};
					D6FA44B71DBA2C6D000DCF21 = {
						CreatedOnToolsVersion = 8.0;
						DevelopmentTeam = 94CEFW22UD;
						ProvisioningStyle = Automatic;
					};
				};
			};
			buildConfigurationList = D64D9C1D1DB8F5BF00E17C6B /* Build configuration list for PBXProject "SampleRealmOnWatchOS3" */;
			compatibilityVersion = "Xcode 3.2";
			developmentRegion = English;
			hasScannedForEncodings = 0;
			knownRegions = (
				en,
				Base,
			);
			mainGroup = D64D9C191DB8F5BF00E17C6B;
			productRefGroup = D64D9C231DB8F5BF00E17C6B /* Products */;
			projectDirPath = "";
			projectRoot = "";
			targets = (
				D64D9C211DB8F5BF00E17C6B /* SampleRealmOnWatchOS3 */,
				D6FA44AB1DBA2C6C000DCF21 /* SampleWatchApp */,
				D6FA44B71DBA2C6D000DCF21 /* SampleWatchApp Extension */,
			);
		};
/* End PBXProject section */

/* Begin PBXResourcesBuildPhase section */
		D64D9C201DB8F5BF00E17C6B /* Resources */ = {
			isa = PBXResourcesBuildPhase;
			buildActionMask = 2147483647;
			files = (
				D64D9C301DB8F5BF00E17C6B /* LaunchScreen.storyboard in Resources */,
				D64D9C2D1DB8F5BF00E17C6B /* Assets.xcassets in Resources */,
				D64D9C2B1DB8F5BF00E17C6B /* Main.storyboard in Resources */,
			);
			runOnlyForDeploymentPostprocessing = 0;
		};
		D6FA44AA1DBA2C6C000DCF21 /* Resources */ = {
			isa = PBXResourcesBuildPhase;
			buildActionMask = 2147483647;
			files = (
				D6FA44B21DBA2C6C000DCF21 /* Assets.xcassets in Resources */,
				D6FA44B01DBA2C6C000DCF21 /* Interface.storyboard in Resources */,
			);
			runOnlyForDeploymentPostprocessing = 0;
		};
		D6FA44B61DBA2C6D000DCF21 /* Resources */ = {
			isa = PBXResourcesBuildPhase;
			buildActionMask = 2147483647;
			files = (
				D6FA44C21DBA2C6D000DCF21 /* Assets.xcassets in Resources */,
			);
			runOnlyForDeploymentPostprocessing = 0;
		};
/* End PBXResourcesBuildPhase section */

/* Begin PBXShellScriptBuildPhase section */
		1027311F5346BC12E65A1F57 /* [CP] Check Pods Manifest.lock */ = {
			isa = PBXShellScriptBuildPhase;
			buildActionMask = 2147483647;
			files = (
			);
			inputPaths = (
			);
			name = "[CP] Check Pods Manifest.lock";
			outputPaths = (
			);
			runOnlyForDeploymentPostprocessing = 0;
			shellPath = /bin/sh;
			shellScript = "diff \"${PODS_ROOT}/../Podfile.lock\" \"${PODS_ROOT}/Manifest.lock\" > /dev/null\nif [ $? != 0 ] ; then\n    # print error to STDERR\n    echo \"error: The sandbox is not in sync with the Podfile.lock. Run 'pod install' or update your CocoaPods installation.\" >&2\n    exit 1\nfi\n";
			showEnvVarsInLog = 0;
		};
		410BDC31D7D8E220971F9E55 /* [CP] Copy Pods Resources */ = {
			isa = PBXShellScriptBuildPhase;
			buildActionMask = 2147483647;
			files = (
			);
			inputPaths = (
			);
			name = "[CP] Copy Pods Resources";
			outputPaths = (
			);
			runOnlyForDeploymentPostprocessing = 0;
			shellPath = /bin/sh;
			shellScript = "\"${SRCROOT}/Pods/Target Support Files/Pods-SampleRealmOnWatchOS3/Pods-SampleRealmOnWatchOS3-resources.sh\"\n";
			showEnvVarsInLog = 0;
		};
		9B5D3E1B9490AFDDD2DC62F0 /* [CP] Embed Pods Frameworks */ = {
			isa = PBXShellScriptBuildPhase;
			buildActionMask = 2147483647;
			files = (
			);
			inputPaths = (
			);
			name = "[CP] Embed Pods Frameworks";
			outputPaths = (
			);
			runOnlyForDeploymentPostprocessing = 0;
			shellPath = /bin/sh;
			shellScript = "\"${SRCROOT}/Pods/Target Support Files/Pods-SampleRealmOnWatchOS3/Pods-SampleRealmOnWatchOS3-frameworks.sh\"\n";
			showEnvVarsInLog = 0;
		};
/* End PBXShellScriptBuildPhase section */

/* Begin PBXSourcesBuildPhase section */
		D64D9C1E1DB8F5BF00E17C6B /* Sources */ = {
			isa = PBXSourcesBuildPhase;
			buildActionMask = 2147483647;
			files = (
				D64D9C281DB8F5BF00E17C6B /* ViewController.swift in Sources */,
				D64D9C261DB8F5BF00E17C6B /* AppDelegate.swift in Sources */,
				D64D9C381DB8FC4400E17C6B /* Field.swift in Sources */,
			);
			runOnlyForDeploymentPostprocessing = 0;
		};
		D6FA44B41DBA2C6D000DCF21 /* Sources */ = {
			isa = PBXSourcesBuildPhase;
			buildActionMask = 2147483647;
			files = (
				D6FA44C01DBA2C6D000DCF21 /* ExtensionDelegate.swift in Sources */,
				D6FA44BE1DBA2C6D000DCF21 /* InterfaceController.swift in Sources */,
			);
			runOnlyForDeploymentPostprocessing = 0;
		};
/* End PBXSourcesBuildPhase section */

/* Begin PBXTargetDependency section */
		D6FA44BB1DBA2C6D000DCF21 /* PBXTargetDependency */ = {
			isa = PBXTargetDependency;
			target = D6FA44B71DBA2C6D000DCF21 /* SampleWatchApp Extension */;
			targetProxy = D6FA44BA1DBA2C6D000DCF21 /* PBXContainerItemProxy */;
		};
		D6FA44C51DBA2C6D000DCF21 /* PBXTargetDependency */ = {
			isa = PBXTargetDependency;
			target = D6FA44AB1DBA2C6C000DCF21 /* SampleWatchApp */;
			targetProxy = D6FA44C41DBA2C6D000DCF21 /* PBXContainerItemProxy */;
		};
/* End PBXTargetDependency section */

/* Begin PBXVariantGroup section */
		D64D9C291DB8F5BF00E17C6B /* Main.storyboard */ = {
			isa = PBXVariantGroup;
			children = (
				D64D9C2A1DB8F5BF00E17C6B /* Base */,
			);
			name = Main.storyboard;
			sourceTree = "<group>";
		};
		D64D9C2E1DB8F5BF00E17C6B /* LaunchScreen.storyboard */ = {
			isa = PBXVariantGroup;
			children = (
				D64D9C2F1DB8F5BF00E17C6B /* Base */,
			);
			name = LaunchScreen.storyboard;
			sourceTree = "<group>";
		};
		D6FA44851DBA2C26000DCF21 /* Interface.storyboard */ = {
			isa = PBXVariantGroup;
			children = (
				D6FA44861DBA2C26000DCF21 /* Base */,
			);
			name = Interface.storyboard;
			sourceTree = "<group>";
		};
		D6FA44AE1DBA2C6C000DCF21 /* Interface.storyboard */ = {
			isa = PBXVariantGroup;
			children = (
				D6FA44AF1DBA2C6C000DCF21 /* Base */,
			);
			name = Interface.storyboard;
			sourceTree = "<group>";
		};
/* End PBXVariantGroup section */

/* Begin XCBuildConfiguration section */
		D64D9C321DB8F5C000E17C6B /* Debug */ = {
			isa = XCBuildConfiguration;
			buildSettings = {
				ALWAYS_SEARCH_USER_PATHS = NO;
				CLANG_ANALYZER_NONNULL = YES;
				CLANG_CXX_LANGUAGE_STANDARD = "gnu++0x";
				CLANG_CXX_LIBRARY = "libc++";
				CLANG_ENABLE_MODULES = YES;
				CLANG_ENABLE_OBJC_ARC = YES;
				CLANG_WARN_BOOL_CONVERSION = YES;
				CLANG_WARN_CONSTANT_CONVERSION = YES;
				CLANG_WARN_DIRECT_OBJC_ISA_USAGE = YES_ERROR;
				CLANG_WARN_DOCUMENTATION_COMMENTS = YES;
				CLANG_WARN_EMPTY_BODY = YES;
				CLANG_WARN_ENUM_CONVERSION = YES;
				CLANG_WARN_INFINITE_RECURSION = YES;
				CLANG_WARN_INT_CONVERSION = YES;
				CLANG_WARN_OBJC_ROOT_CLASS = YES_ERROR;
				CLANG_WARN_SUSPICIOUS_MOVES = YES;
				CLANG_WARN_UNREACHABLE_CODE = YES;
				CLANG_WARN__DUPLICATE_METHOD_MATCH = YES;
				"CODE_SIGN_IDENTITY[sdk=iphoneos*]" = "iPhone Developer";
				COPY_PHASE_STRIP = NO;
				DEBUG_INFORMATION_FORMAT = dwarf;
				ENABLE_STRICT_OBJC_MSGSEND = YES;
				ENABLE_TESTABILITY = YES;
				GCC_C_LANGUAGE_STANDARD = gnu99;
				GCC_DYNAMIC_NO_PIC = NO;
				GCC_NO_COMMON_BLOCKS = YES;
				GCC_OPTIMIZATION_LEVEL = 0;
				GCC_PREPROCESSOR_DEFINITIONS = (
					"DEBUG=1",
					"$(inherited)",
				);
				GCC_WARN_64_TO_32_BIT_CONVERSION = YES;
				GCC_WARN_ABOUT_RETURN_TYPE = YES_ERROR;
				GCC_WARN_UNDECLARED_SELECTOR = YES;
				GCC_WARN_UNINITIALIZED_AUTOS = YES_AGGRESSIVE;
				GCC_WARN_UNUSED_FUNCTION = YES;
				GCC_WARN_UNUSED_VARIABLE = YES;
				IPHONEOS_DEPLOYMENT_TARGET = 10.0;
				MTL_ENABLE_DEBUG_INFO = YES;
				ONLY_ACTIVE_ARCH = YES;
				SDKROOT = iphoneos;
				SWIFT_ACTIVE_COMPILATION_CONDITIONS = DEBUG;
				SWIFT_OPTIMIZATION_LEVEL = "-Onone";
				SWIFT_VERSION = 3.0;
				TARGETED_DEVICE_FAMILY = "1,2";
			};
			name = Debug;
		};
		D64D9C331DB8F5C000E17C6B /* Release */ = {
			isa = XCBuildConfiguration;
			buildSettings = {
				ALWAYS_SEARCH_USER_PATHS = NO;
				CLANG_ANALYZER_NONNULL = YES;
				CLANG_CXX_LANGUAGE_STANDARD = "gnu++0x";
				CLANG_CXX_LIBRARY = "libc++";
				CLANG_ENABLE_MODULES = YES;
				CLANG_ENABLE_OBJC_ARC = YES;
				CLANG_WARN_BOOL_CONVERSION = YES;
				CLANG_WARN_CONSTANT_CONVERSION = YES;
				CLANG_WARN_DIRECT_OBJC_ISA_USAGE = YES_ERROR;
				CLANG_WARN_DOCUMENTATION_COMMENTS = YES;
				CLANG_WARN_EMPTY_BODY = YES;
				CLANG_WARN_ENUM_CONVERSION = YES;
				CLANG_WARN_INFINITE_RECURSION = YES;
				CLANG_WARN_INT_CONVERSION = YES;
				CLANG_WARN_OBJC_ROOT_CLASS = YES_ERROR;
				CLANG_WARN_SUSPICIOUS_MOVES = YES;
				CLANG_WARN_UNREACHABLE_CODE = YES;
				CLANG_WARN__DUPLICATE_METHOD_MATCH = YES;
				"CODE_SIGN_IDENTITY[sdk=iphoneos*]" = "iPhone Developer";
				COPY_PHASE_STRIP = NO;
				DEBUG_INFORMATION_FORMAT = "dwarf-with-dsym";
				ENABLE_NS_ASSERTIONS = NO;
				ENABLE_STRICT_OBJC_MSGSEND = YES;
				GCC_C_LANGUAGE_STANDARD = gnu99;
				GCC_NO_COMMON_BLOCKS = YES;
				GCC_WARN_64_TO_32_BIT_CONVERSION = YES;
				GCC_WARN_ABOUT_RETURN_TYPE = YES_ERROR;
				GCC_WARN_UNDECLARED_SELECTOR = YES;
				GCC_WARN_UNINITIALIZED_AUTOS = YES_AGGRESSIVE;
				GCC_WARN_UNUSED_FUNCTION = YES;
				GCC_WARN_UNUSED_VARIABLE = YES;
				IPHONEOS_DEPLOYMENT_TARGET = 10.0;
				MTL_ENABLE_DEBUG_INFO = NO;
				SDKROOT = iphoneos;
				SWIFT_OPTIMIZATION_LEVEL = "-Owholemodule";
				SWIFT_VERSION = 3.0;
				TARGETED_DEVICE_FAMILY = "1,2";
				VALIDATE_PRODUCT = YES;
			};
			name = Release;
		};
		D64D9C351DB8F5C000E17C6B /* Debug */ = {
			isa = XCBuildConfiguration;
			baseConfigurationReference = 4DFAF97E09387B92C055753A /* Pods-SampleRealmOnWatchOS3.debug.xcconfig */;
			buildSettings = {
				ASSETCATALOG_COMPILER_APPICON_NAME = AppIcon;
				DEVELOPMENT_TEAM = 94CEFW22UD;
				INFOPLIST_FILE = SampleRealmOnWatchOS3/Info.plist;
				LD_RUNPATH_SEARCH_PATHS = "$(inherited) @executable_path/Frameworks";
				PRODUCT_BUNDLE_IDENTIFIER = "ge-nie-inc.SampleRealmOnWatchOS3";
				PRODUCT_NAME = "$(TARGET_NAME)";
				SWIFT_VERSION = 3.0;
			};
			name = Debug;
		};
		D64D9C361DB8F5C000E17C6B /* Release */ = {
			isa = XCBuildConfiguration;
			baseConfigurationReference = DECA00C7019128CBA3B76F75 /* Pods-SampleRealmOnWatchOS3.release.xcconfig */;
			buildSettings = {
				ASSETCATALOG_COMPILER_APPICON_NAME = AppIcon;
				DEVELOPMENT_TEAM = 94CEFW22UD;
				INFOPLIST_FILE = SampleRealmOnWatchOS3/Info.plist;
				LD_RUNPATH_SEARCH_PATHS = "$(inherited) @executable_path/Frameworks";
				PRODUCT_BUNDLE_IDENTIFIER = "ge-nie-inc.SampleRealmOnWatchOS3";
				PRODUCT_NAME = "$(TARGET_NAME)";
				SWIFT_VERSION = 3.0;
			};
			name = Release;
		};
		D6FA44C81DBA2C6D000DCF21 /* Debug */ = {
			isa = XCBuildConfiguration;
			buildSettings = {
				ASSETCATALOG_COMPILER_COMPLICATION_NAME = Complication;
				DEVELOPMENT_TEAM = 94CEFW22UD;
				INFOPLIST_FILE = "SampleWatchApp Extension/Info.plist";
				LD_RUNPATH_SEARCH_PATHS = "$(inherited) @executable_path/Frameworks @executable_path/../../Frameworks";
				PRODUCT_BUNDLE_IDENTIFIER = "ge-nie-inc.SampleRealmOnWatchOS3.watchkitapp.watchkitextension";
				PRODUCT_NAME = "${TARGET_NAME}";
				SDKROOT = watchos;
				SKIP_INSTALL = YES;
				SWIFT_VERSION = 3.0;
				TARGETED_DEVICE_FAMILY = 4;
				WATCHOS_DEPLOYMENT_TARGET = 3.0;
			};
			name = Debug;
		};
		D6FA44C91DBA2C6D000DCF21 /* Release */ = {
			isa = XCBuildConfiguration;
			buildSettings = {
				ASSETCATALOG_COMPILER_COMPLICATION_NAME = Complication;
				DEVELOPMENT_TEAM = 94CEFW22UD;
				INFOPLIST_FILE = "SampleWatchApp Extension/Info.plist";
				LD_RUNPATH_SEARCH_PATHS = "$(inherited) @executable_path/Frameworks @executable_path/../../Frameworks";
				PRODUCT_BUNDLE_IDENTIFIER = "ge-nie-inc.SampleRealmOnWatchOS3.watchkitapp.watchkitextension";
				PRODUCT_NAME = "${TARGET_NAME}";
				SDKROOT = watchos;
				SKIP_INSTALL = YES;
				SWIFT_VERSION = 3.0;
				TARGETED_DEVICE_FAMILY = 4;
				WATCHOS_DEPLOYMENT_TARGET = 3.0;
			};
			name = Release;
		};
		D6FA44CC1DBA2C6D000DCF21 /* Debug */ = {
			isa = XCBuildConfiguration;
			buildSettings = {
				ALWAYS_EMBED_SWIFT_STANDARD_LIBRARIES = YES;
				ASSETCATALOG_COMPILER_APPICON_NAME = AppIcon;
				DEVELOPMENT_TEAM = 94CEFW22UD;
				IBSC_MODULE = SampleWatchApp_Extension;
				INFOPLIST_FILE = SampleWatchApp/Info.plist;
				PRODUCT_BUNDLE_IDENTIFIER = "ge-nie-inc.SampleRealmOnWatchOS3.watchkitapp";
				PRODUCT_NAME = "$(TARGET_NAME)";
				SDKROOT = watchos;
				SKIP_INSTALL = YES;
				SWIFT_VERSION = 3.0;
				TARGETED_DEVICE_FAMILY = 4;
				WATCHOS_DEPLOYMENT_TARGET = 3.0;
			};
			name = Debug;
		};
		D6FA44CD1DBA2C6D000DCF21 /* Release */ = {
			isa = XCBuildConfiguration;
			buildSettings = {
				ALWAYS_EMBED_SWIFT_STANDARD_LIBRARIES = YES;
				ASSETCATALOG_COMPILER_APPICON_NAME = AppIcon;
				DEVELOPMENT_TEAM = 94CEFW22UD;
				IBSC_MODULE = SampleWatchApp_Extension;
				INFOPLIST_FILE = SampleWatchApp/Info.plist;
				PRODUCT_BUNDLE_IDENTIFIER = "ge-nie-inc.SampleRealmOnWatchOS3.watchkitapp";
				PRODUCT_NAME = "$(TARGET_NAME)";
				SDKROOT = watchos;
				SKIP_INSTALL = YES;
				SWIFT_VERSION = 3.0;
				TARGETED_DEVICE_FAMILY = 4;
				WATCHOS_DEPLOYMENT_TARGET = 3.0;
			};
			name = Release;
		};
/* End XCBuildConfiguration section */

/* Begin XCConfigurationList section */
		D64D9C1D1DB8F5BF00E17C6B /* Build configuration list for PBXProject "SampleRealmOnWatchOS3" */ = {
			isa = XCConfigurationList;
			buildConfigurations = (
				D64D9C321DB8F5C000E17C6B /* Debug */,
				D64D9C331DB8F5C000E17C6B /* Release */,
			);
			defaultConfigurationIsVisible = 0;
			defaultConfigurationName = Release;
		};
		D64D9C341DB8F5C000E17C6B /* Build configuration list for PBXNativeTarget "SampleRealmOnWatchOS3" */ = {
			isa = XCConfigurationList;
			buildConfigurations = (
				D64D9C351DB8F5C000E17C6B /* Debug */,
				D64D9C361DB8F5C000E17C6B /* Release */,
			);
			defaultConfigurationIsVisible = 0;
			defaultConfigurationName = Release;
		};
		D6FA44C71DBA2C6D000DCF21 /* Build configuration list for PBXNativeTarget "SampleWatchApp Extension" */ = {
			isa = XCConfigurationList;
			buildConfigurations = (
				D6FA44C81DBA2C6D000DCF21 /* Debug */,
				D6FA44C91DBA2C6D000DCF21 /* Release */,
			);
			defaultConfigurationIsVisible = 0;
		};
		D6FA44CB1DBA2C6D000DCF21 /* Build configuration list for PBXNativeTarget "SampleWatchApp" */ = {
			isa = XCConfigurationList;
			buildConfigurations = (
				D6FA44CC1DBA2C6D000DCF21 /* Debug */,
				D6FA44CD1DBA2C6D000DCF21 /* Release */,
			);
			defaultConfigurationIsVisible = 0;
		};
/* End XCConfigurationList section */
	};
	rootObject = D64D9C1A1DB8F5BF00E17C6B /* Project object */;
}
